
Microsoft Visual Studio Solution File, Format Version 12.00
# Visual Studio Version 17
VisualStudioVersion = 17.11.35222.181
MinimumVisualStudioVersion = 10.0.40219.1
Project("{2150E333-8FDC-42A3-9474-1A3956D46DE8}") = "NewFolder1", "NewFolder1", "{A65916E7-34EE-41BA-818C-D1FF7A41DD82}"
EndProject
Project("{FAE04EC0-301F-11D3-BF4B-00C04F79EFBC}") = "Agena.Domain", "Agena.Domain\Agena.Domain.csproj", "{9EACD2DF-32A1-4571-8BEC-2370372F6A82}"
EndProject
Project("{FAE04EC0-301F-11D3-BF4B-00C04F79EFBC}") = "Agenda.Application", "Agenda.Application\Agenda.Application.csproj", "{0DC9C15F-823D-4352-B2E5-1448448173C7}"
EndProject
Project("{FAE04EC0-301F-11D3-BF4B-00C04F79EFBC}") = "Agenda.Infraestructure", "Agenda.Infraestructure\Agenda.Infraestructure.csproj", "{3D44CF79-C26E-4399-94ED-E0BA85695973}"
EndProject
Project("{FAE04EC0-301F-11D3-BF4B-00C04F79EFBC}") = "Dominio", "Dominio\Dominio.csproj", "{882CEC50-FB7D-4726-806B-52F7448079D9}"
EndProject
Project("{FAE04EC0-301F-11D3-BF4B-00C04F79EFBC}") = "Application", "Application\Application.csproj", "{BC7D9BBE-713B-40AB-9658-886BCBD4A1C2}"
EndProject
Project("{FAE04EC0-301F-11D3-BF4B-00C04F79EFBC}") = "Infraestructure", "Infraestructure\Infraestructure.csproj", "{5930EC2F-B5AF-495F-AEFF-E4DB054D90E2}"
EndProject
Project("{FAE04EC0-301F-11D3-BF4B-00C04F79EFBC}") = "Api", "Api\Api.csproj", "{98699762-F0F0-45FF-9EB1-FFE458E0FDCE}"
EndProject
Project("{FAE04EC0-301F-11D3-BF4B-00C04F79EFBC}") = "Agenda.Api", "Agenda.Api\Agenda.Api.csproj", "{1FF930C8-94BE-4F34-9506-CFC62B0C13F2}"
EndProject
Project("{2150E333-8FDC-42A3-9474-1A3956D46DE8}") = "PruebaSolito", "PruebaSolito", "{6D543369-FFC8-4FBC-8535-B1AB37573861}"
EndProject
Project("{FAE04EC0-301F-11D3-BF4B-00C04F79EFBC}") = "Dominio2", "Dominio2\Dominio2.csproj", "{3DF602B8-4B37-4A59-A99D-BA29CD74C44C}"
EndProject
Project("{FAE04EC0-301F-11D3-BF4B-00C04F79EFBC}") = "Application2", "Application2\Application2.csproj", "{5415B49D-0BB1-4E89-BCC0-A16272A27F44}"
EndProject
Project("{FAE04EC0-301F-11D3-BF4B-00C04F79EFBC}") = "Infraestructure2", "Infraestructure2\Infraestructure2.csproj", "{24B6A7D3-2373-443A-AA50-5724EACD07F5}"
EndProject
Project("{FAE04EC0-301F-11D3-BF4B-00C04F79EFBC}") = "Api2", "Api2\Api2.csproj", "{85969CBE-1A88-4F37-A5DE-D4BF18CB6657}"
EndProject
Project("{FAE04EC0-301F-11D3-BF4B-00C04F79EFBC}") = "WebApplication2", "WebApplication2\WebApplication2.csproj", "{AC395D23-9251-4D70-86E6-A7D726C711A5}"
EndProject
Global
	GlobalSection(SolutionConfigurationPlatforms) = preSolution
		Debug|Any CPU = Debug|Any CPU
		Release|Any CPU = Release|Any CPU
	EndGlobalSection
	GlobalSection(ProjectConfigurationPlatforms) = postSolution
		{9EACD2DF-32A1-4571-8BEC-2370372F6A82}.Debug|Any CPU.ActiveCfg = Debug|Any CPU
		{9EACD2DF-32A1-4571-8BEC-2370372F6A82}.Debug|Any CPU.Build.0 = Debug|Any CPU
		{9EACD2DF-32A1-4571-8BEC-2370372F6A82}.Release|Any CPU.ActiveCfg = Release|Any CPU
		{9EACD2DF-32A1-4571-8BEC-2370372F6A82}.Release|Any CPU.Build.0 = Release|Any CPU
		{0DC9C15F-823D-4352-B2E5-1448448173C7}.Debug|Any CPU.ActiveCfg = Debug|Any CPU
		{0DC9C15F-823D-4352-B2E5-1448448173C7}.Debug|Any CPU.Build.0 = Debug|Any CPU
		{0DC9C15F-823D-4352-B2E5-1448448173C7}.Release|Any CPU.ActiveCfg = Release|Any CPU
		{0DC9C15F-823D-4352-B2E5-1448448173C7}.Release|Any CPU.Build.0 = Release|Any CPU
		{3D44CF79-C26E-4399-94ED-E0BA85695973}.Debug|Any CPU.ActiveCfg = Debug|Any CPU
		{3D44CF79-C26E-4399-94ED-E0BA85695973}.Debug|Any CPU.Build.0 = Debug|Any CPU
		{3D44CF79-C26E-4399-94ED-E0BA85695973}.Release|Any CPU.ActiveCfg = Release|Any CPU
		{3D44CF79-C26E-4399-94ED-E0BA85695973}.Release|Any CPU.Build.0 = Release|Any CPU
		{882CEC50-FB7D-4726-806B-52F7448079D9}.Debug|Any CPU.ActiveCfg = Debug|Any CPU
		{882CEC50-FB7D-4726-806B-52F7448079D9}.Debug|Any CPU.Build.0 = Debug|Any CPU
		{882CEC50-FB7D-4726-806B-52F7448079D9}.Release|Any CPU.ActiveCfg = Release|Any CPU
		{882CEC50-FB7D-4726-806B-52F7448079D9}.Release|Any CPU.Build.0 = Release|Any CPU
		{BC7D9BBE-713B-40AB-9658-886BCBD4A1C2}.Debug|Any CPU.ActiveCfg = Debug|Any CPU
		{BC7D9BBE-713B-40AB-9658-886BCBD4A1C2}.Debug|Any CPU.Build.0 = Debug|Any CPU
		{BC7D9BBE-713B-40AB-9658-886BCBD4A1C2}.Release|Any CPU.ActiveCfg = Release|Any CPU
		{BC7D9BBE-713B-40AB-9658-886BCBD4A1C2}.Release|Any CPU.Build.0 = Release|Any CPU
		{5930EC2F-B5AF-495F-AEFF-E4DB054D90E2}.Debug|Any CPU.ActiveCfg = Debug|Any CPU
		{5930EC2F-B5AF-495F-AEFF-E4DB054D90E2}.Debug|Any CPU.Build.0 = Debug|Any CPU
		{5930EC2F-B5AF-495F-AEFF-E4DB054D90E2}.Release|Any CPU.ActiveCfg = Release|Any CPU
		{5930EC2F-B5AF-495F-AEFF-E4DB054D90E2}.Release|Any CPU.Build.0 = Release|Any CPU
		{98699762-F0F0-45FF-9EB1-FFE458E0FDCE}.Debug|Any CPU.ActiveCfg = Debug|Any CPU
		{98699762-F0F0-45FF-9EB1-FFE458E0FDCE}.Debug|Any CPU.Build.0 = Debug|Any CPU
		{98699762-F0F0-45FF-9EB1-FFE458E0FDCE}.Release|Any CPU.ActiveCfg = Release|Any CPU
		{98699762-F0F0-45FF-9EB1-FFE458E0FDCE}.Release|Any CPU.Build.0 = Release|Any CPU
		{1FF930C8-94BE-4F34-9506-CFC62B0C13F2}.Debug|Any CPU.ActiveCfg = Debug|Any CPU
		{1FF930C8-94BE-4F34-9506-CFC62B0C13F2}.Debug|Any CPU.Build.0 = Debug|Any CPU
		{1FF930C8-94BE-4F34-9506-CFC62B0C13F2}.Release|Any CPU.ActiveCfg = Release|Any CPU
		{1FF930C8-94BE-4F34-9506-CFC62B0C13F2}.Release|Any CPU.Build.0 = Release|Any CPU
		{3DF602B8-4B37-4A59-A99D-BA29CD74C44C}.Debug|Any CPU.ActiveCfg = Debug|Any CPU
		{3DF602B8-4B37-4A59-A99D-BA29CD74C44C}.Debug|Any CPU.Build.0 = Debug|Any CPU
		{3DF602B8-4B37-4A59-A99D-BA29CD74C44C}.Release|Any CPU.ActiveCfg = Release|Any CPU
		{3DF602B8-4B37-4A59-A99D-BA29CD74C44C}.Release|Any CPU.Build.0 = Release|Any CPU
		{5415B49D-0BB1-4E89-BCC0-A16272A27F44}.Debug|Any CPU.ActiveCfg = Debug|Any CPU
		{5415B49D-0BB1-4E89-BCC0-A16272A27F44}.Debug|Any CPU.Build.0 = Debug|Any CPU
		{5415B49D-0BB1-4E89-BCC0-A16272A27F44}.Release|Any CPU.ActiveCfg = Release|Any CPU
		{5415B49D-0BB1-4E89-BCC0-A16272A27F44}.Release|Any CPU.Build.0 = Release|Any CPU
		{24B6A7D3-2373-443A-AA50-5724EACD07F5}.Debug|Any CPU.ActiveCfg = Debug|Any CPU
		{24B6A7D3-2373-443A-AA50-5724EACD07F5}.Debug|Any CPU.Build.0 = Debug|Any CPU
		{24B6A7D3-2373-443A-AA50-5724EACD07F5}.Release|Any CPU.ActiveCfg = Release|Any CPU
		{24B6A7D3-2373-443A-AA50-5724EACD07F5}.Release|Any CPU.Build.0 = Release|Any CPU
		{85969CBE-1A88-4F37-A5DE-D4BF18CB6657}.Debug|Any CPU.ActiveCfg = Debug|Any CPU
		{85969CBE-1A88-4F37-A5DE-D4BF18CB6657}.Debug|Any CPU.Build.0 = Debug|Any CPU
		{85969CBE-1A88-4F37-A5DE-D4BF18CB6657}.Release|Any CPU.ActiveCfg = Release|Any CPU
		{85969CBE-1A88-4F37-A5DE-D4BF18CB6657}.Release|Any CPU.Build.0 = Release|Any CPU
		{AC395D23-9251-4D70-86E6-A7D726C711A5}.Debug|Any CPU.ActiveCfg = Debug|Any CPU
		{AC395D23-9251-4D70-86E6-A7D726C711A5}.Debug|Any CPU.Build.0 = Debug|Any CPU
		{AC395D23-9251-4D70-86E6-A7D726C711A5}.Release|Any CPU.ActiveCfg = Release|Any CPU
		{AC395D23-9251-4D70-86E6-A7D726C711A5}.Release|Any CPU.Build.0 = Release|Any CPU
	EndGlobalSection
	GlobalSection(SolutionProperties) = preSolution
		HideSolutionNode = FALSE
	EndGlobalSection
	GlobalSection(NestedProjects) = preSolution
		{882CEC50-FB7D-4726-806B-52F7448079D9} = {A65916E7-34EE-41BA-818C-D1FF7A41DD82}
		{BC7D9BBE-713B-40AB-9658-886BCBD4A1C2} = {A65916E7-34EE-41BA-818C-D1FF7A41DD82}
		{5930EC2F-B5AF-495F-AEFF-E4DB054D90E2} = {A65916E7-34EE-41BA-818C-D1FF7A41DD82}
		{98699762-F0F0-45FF-9EB1-FFE458E0FDCE} = {A65916E7-34EE-41BA-818C-D1FF7A41DD82}
		{3DF602B8-4B37-4A59-A99D-BA29CD74C44C} = {6D543369-FFC8-4FBC-8535-B1AB37573861}
		{5415B49D-0BB1-4E89-BCC0-A16272A27F44} = {6D543369-FFC8-4FBC-8535-B1AB37573861}
		{24B6A7D3-2373-443A-AA50-5724EACD07F5} = {6D543369-FFC8-4FBC-8535-B1AB37573861}
		{85969CBE-1A88-4F37-A5DE-D4BF18CB6657} = {6D543369-FFC8-4FBC-8535-B1AB37573861}
		{AC395D23-9251-4D70-86E6-A7D726C711A5} = {6D543369-FFC8-4FBC-8535-B1AB37573861}
	EndGlobalSection
	GlobalSection(ExtensibilityGlobals) = postSolution
		SolutionGuid = {6C97A148-033C-426E-8ECC-DA07E5C89E34}
	EndGlobalSection
EndGlobal
